
Microsoft Visual Studio Solution File, Format Version 12.00
# Visual Studio Version 16
VisualStudioVersion = 16.0.31702.278
MinimumVisualStudioVersion = 10.0.40219.1
Project("{FAE04EC0-301F-11D3-BF4B-00C04F79EFBC}") = "WindowsFormsApp1", "WindowsFormsApp1\WindowsFormsApp1.csproj", "{B73916F6-D4CD-402E-984F-52500992C205}"
EndProject
Global
	GlobalSection(SolutionConfigurationPlatforms) = preSolution
		Debug|Any CPU = Debug|Any CPU
		Release|Any CPU = Release|Any CPU
	EndGlobalSection
	GlobalSection(ProjectConfigurationPlatforms) = postSolution
		{B73916F6-D4CD-402E-984F-52500992C205}.Debug|Any CPU.ActiveCfg = Debug|Any CPU
		{B73916F6-D4CD-402E-984F-52500992C205}.Debug|Any CPU.Build.0 = Debug|Any CPU
		{B73916F6-D4CD-402E-984F-52500992C205}.Release|Any CPU.ActiveCfg = Release|Any CPU
		{B73916F6-D4CD-402E-984F-52500992C205}.Release|Any CPU.Build.0 = Release|Any CPU
	EndGlobalSection
	GlobalSection(SolutionProperties) = preSolution
		HideSolutionNode = FALSE
	EndGlobalSection
	GlobalSection(ExtensibilityGlobals) = postSolution
		SolutionGuid = {42C8EE7E-DA19-492C-93B3-A0029EE85974}
	EndGlobalSection
EndGlobal
